<?xml version="1.0" encoding="UTF-8"?>
<Scheme
   LastUpgradeVersion = "1540"
   version = "1.7">
   <BuildAction
      parallelizeBuildables = "YES"
      buildImplicitDependencies = "YES"
      buildArchitectures = "Automatic">
      <BuildActionEntries>
         <BuildActionEntry
            buildForTesting = "YES"
            buildForRunning = "YES"
            buildForProfiling = "YES"
            buildForArchiving = "YES"
            buildForAnalyzing = "YES">
            <BuildableReference
               BuildableIdentifier = "primary"
               BlueprintIdentifier = "71A6BD602CCBFDA7008BB9C2"
               BuildableName = "grdWrk.app"
               BlueprintName = "grdWrk"
               ReferencedContainer = "container:grdWrk.xcodeproj">
            </BuildableReference>
         </BuildActionEntry>
      </BuildActionEntries>
   </BuildAction>
   <TestAction
      buildConfiguration = "Debug"
      selectedDebuggerIdentifier = "Xcode.DebuggerFoundation.Debugger.LLDB"
      selectedLauncherIdentifier = "Xcode.DebuggerFoundation.Launcher.LLDB"
      shouldUseLaunchSchemeArgsEnv = "YES"
      shouldAutocreateTestPlan = "YES">
      <Testables>
         <TestableReference
            skipped = "NO"
            parallelizable = "YES">
            <BuildableReference
               BuildableIdentifier = "primary"
               BlueprintIdentifier = "71A6BD702CCBFDA8008BB9C2"
               BuildableName = "grdWrkTests.xctest"
               BlueprintName = "grdWrkTests"
               ReferencedContainer = "container:grdWrk.xcodeproj">
            </BuildableReference>
         </TestableReference>
         <TestableReference
            skipped = "NO"
            parallelizable = "YES">
            <BuildableReference
               BuildableIdentifier = "primary"
               BlueprintIdentifier = "71A6BD7A2CCBFDA8008BB9C2"
               BuildableName = "grdWrkUITests.xctest"
               BlueprintName = "grdWrkUITests"
               ReferencedContainer = "container:grdWrk.xcodeproj">
            </BuildableReference>
         </TestableReference>
      </Testables>
   </TestAction>
   <LaunchAction
      buildConfiguration = "Debug"
      selectedDebuggerIdentifier = "Xcode.DebuggerFoundation.Debugger.LLDB"
      selectedLauncherIdentifier = "Xcode.DebuggerFoundation.Launcher.LLDB"
      launchStyle = "0"
      useCustomWorkingDirectory = "NO"
      ignoresPersistentStateOnLaunch = "NO"
      debugDocumentVersioning = "YES"
      debugServiceExtension = "internal"
      allowLocationSimulation = "YES">
      <BuildableProductRunnable
         runnableDebuggingMode = "0">
         <BuildableReference
            BuildableIdentifier = "primary"
            BlueprintIdentifier = "71A6BD602CCBFDA7008BB9C2"
            BuildableName = "grdWrk.app"
            BlueprintName = "grdWrk"
            ReferencedContainer = "container:grdWrk.xcodeproj">
         </BuildableReference>
      </BuildableProductRunnable>
      <EnvironmentVariables>
         <EnvironmentVariable
            key = "MARKET_MOVERS_SECRET"
            value = "58o5cHHXCPRSc4GI0LpRP5aUVYJtiBHoYxjXURwS"
            isEnabled = "YES">
         </EnvironmentVariable>
         <EnvironmentVariable
            key = "MARKET_MOVERS_API_KEY"
            value = "PKWOA5DLDQCLCR0X31AD"
            isEnabled = "YES">
         </EnvironmentVariable>
         <EnvironmentVariable
            key = "NEWS_API_KEY"
            value = "c43a254cf394cdc743d36733fcf13f2ee5b3d2bb478a859d38c7a4b2224bbe97"
            isEnabled = "YES">
         </EnvironmentVariable>
      </EnvironmentVariables>
   </LaunchAction>
   <ProfileAction
      buildConfiguration = "Release"
      shouldUseLaunchSchemeArgsEnv = "YES"
      savedToolIdentifier = ""
      useCustomWorkingDirectory = "NO"
      debugDocumentVersioning = "YES">
      <BuildableProductRunnable
         runnableDebuggingMode = "0">
         <BuildableReference
            BuildableIdentifier = "primary"
            BlueprintIdentifier = "71A6BD602CCBFDA7008BB9C2"
            BuildableName = "grdWrk.app"
            BlueprintName = "grdWrk"
            ReferencedContainer = "container:grdWrk.xcodeproj">
         </BuildableReference>
      </BuildableProductRunnable>
   </ProfileAction>
   <AnalyzeAction
      buildConfiguration = "Debug">
   </AnalyzeAction>
   <ArchiveAction
      buildConfiguration = "Release"
      revealArchiveInOrganizer = "YES">
   </ArchiveAction>
</Scheme>
